PODS:
  - app_group_directory (1.0.0):
    - Flutter
  - Flutter (1.0.0)
  - flutter_native_image (0.0.1):
    - Flutter
  - live_activities (0.0.1):
    - Flutter
  - path_provider_foundation (0.0.1):
    - Flutter
    - FlutterMacOS

DEPENDENCIES:
  - app_group_directory (from `.symlinks/plugins/app_group_directory/ios`)
  - Flutter (from `Flutter`)
  - flutter_native_image (from `.symlinks/plugins/flutter_native_image/ios`)
  - live_activities (from `.symlinks/plugins/live_activities/ios`)
  - path_provider_foundation (from `.symlinks/plugins/path_provider_foundation/darwin`)

EXTERNAL SOURCES:
  app_group_directory:
    :path: ".symlinks/plugins/app_group_directory/ios"
  Flutter:
    :path: Flutter
  flutter_native_image:
    :path: ".symlinks/plugins/flutter_native_image/ios"
  live_activities:
    :path: ".symlinks/plugins/live_activities/ios"
  path_provider_foundation:
    :path: ".symlinks/plugins/path_provider_foundation/darwin"

SPEC CHECKSUMS:
  app_group_directory: a2613caae8f771366673bd6ec80412b76bbb4fb4
  Flutter: e0871f40cf51350855a761d2e70bf5af5b9b5de7
  flutter_native_image: c0f200e4bc5da392b15878df38654cc85a78b090
  live_activities: 771ebe091f68bc3dc0a5a3828f2747b01126ec28
  path_provider_foundation: 080d55be775b7414fd5a5ef3ac137b97b097e564

PODFILE CHECKSUM: c4c93c5f6502fe2754f48404d3594bf779584011

COCOAPODS: 1.16.2
